Microsoft Visual Studio Solution File, Format Version 12.00
# Visual Studio Version 17
VisualStudioVersion = 17.0.31611.283
MinimumVisualStudioVersion = 10.0.40219.1
Project("{9A19103F-16F7-4668-BE54-9A1E7A4F7556}") = "DemoMaui", "DemoMaui.csproj", "{AA8D318A-1516-4371-92D3-EADFF96C61F3}"
EndProject
Project("{FAE04EC0-301F-11D3-BF4B-00C04F79EFBC}") = "DemoMaui.RazorClassLibrary", "..\DemoMaui.RazorClassLibrary\DemoMaui.RazorClassLibrary.csproj", "{7D4303F2-1A92-4CA3-ABCF-1F922F47AB91}"
EndProject
Global
	GlobalSection(SolutionConfigurationPlatforms) = preSolution
		Debug|Any CPU = Debug|Any CPU
		Release|Any CPU = Release|Any CPU
	EndGlobalSection
	GlobalSection(ProjectConfigurationPlatforms) = postSolution
		{AA8D318A-1516-4371-92D3-EADFF96C61F3}.Debug|Any CPU.ActiveCfg = Debug|Any CPU
		{AA8D318A-1516-4371-92D3-EADFF96C61F3}.Debug|Any CPU.Build.0 = Debug|Any CPU
		{AA8D318A-1516-4371-92D3-EADFF96C61F3}.Debug|Any CPU.Deploy.0 = Debug|Any CPU
		{AA8D318A-1516-4371-92D3-EADFF96C61F3}.Release|Any CPU.ActiveCfg = Release|Any CPU
		{AA8D318A-1516-4371-92D3-EADFF96C61F3}.Release|Any CPU.Build.0 = Release|Any CPU
		{AA8D318A-1516-4371-92D3-EADFF96C61F3}.Release|Any CPU.Deploy.0 = Release|Any CPU
		{7D4303F2-1A92-4CA3-ABCF-1F922F47AB91}.Debug|Any CPU.ActiveCfg = Debug|Any CPU
		{7D4303F2-1A92-4CA3-ABCF-1F922F47AB91}.Debug|Any CPU.Build.0 = Debug|Any CPU
		{7D4303F2-1A92-4CA3-ABCF-1F922F47AB91}.Release|Any CPU.ActiveCfg = Release|Any CPU
		{7D4303F2-1A92-4CA3-ABCF-1F922F47AB91}.Release|Any CPU.Build.0 = Release|Any CPU
	EndGlobalSection
	GlobalSection(SolutionProperties) = preSolution
		HideSolutionNode = FALSE
	EndGlobalSection
	GlobalSection(ExtensibilityGlobals) = postSolution
		        SolutionGuid = {61F7FB11-1E47-470C-91E2-47F8143E1572}
		SolutionGuid = {2E3ACAD1-54D8-449D-8C12-85AA1163260F}
	EndGlobalSection
EndGlobal
